// !$*UTF8*$!
{
	archiveVersion = 1;
	classes = {
	};
	objectVersion = 46;
	objects = {

/* Begin PBXBuildFile section */
		09144A7313C2997E00388B00 /* Entitlements.plist in Resources */ = {isa = PBXBuildFile; fileRef = 09144A7213C2997E00388B00 /* Entitlements.plist */; };
		092354B313A1D7EB00DA740F /* CFNetwork.framework in Frameworks */ = {isa = PBXBuildFile; fileRef = 092354B213A1D7EB00DA740F /* CFNetwork.framework */; };
		092354B513A1D7F000DA740F /* SystemConfiguration.framework in Frameworks */ = {isa = PBXBuildFile; fileRef = 092354B413A1D7F000DA740F /* SystemConfiguration.framework */; };
		092354B713A1D83C00DA740F /* MobileCoreServices.framework in Frameworks */ = {isa = PBXBuildFile; fileRef = 092354B613A1D83C00DA740F /* MobileCoreServices.framework */; };
		094ACA0014367ACD008398F8 /* Parse.framework in Frameworks */ = {isa = PBXBuildFile; fileRef = 094AC9FF14367ACD008398F8 /* Parse.framework */; };
		095ACE8613C68EA300566243 /* AudioToolbox.framework in Frameworks */ = {isa = PBXBuildFile; fileRef = 095ACE8513C68EA300566243 /* AudioToolbox.framework */; };
		099CCEAD13F9E3760039A464 /* libz.1.1.3.dylib in Frameworks */ = {isa = PBXBuildFile; fileRef = 099CCEAC13F9E3760039A464 /* libz.1.1.3.dylib */; };
		09ABC07213A1D52D009C3FCF /* UIKit.framework in Frameworks */ = {isa = PBXBuildFile; fileRef = 09ABC07113A1D52D009C3FCF /* UIKit.framework */; };
		09ABC07413A1D52D009C3FCF /* Foundation.framework in Frameworks */ = {isa = PBXBuildFile; fileRef = 09ABC07313A1D52D009C3FCF /* Foundation.framework */; };
		09ABC07C13A1D52D009C3FCF /* InfoPlist.strings in Resources */ = {isa = PBXBuildFile; fileRef = 09ABC07A13A1D52D009C3FCF /* InfoPlist.strings */; };
		09ABC07F13A1D52D009C3FCF /* main.m in Sources */ = {isa = PBXBuildFile; fileRef = 09ABC07E13A1D52D009C3FCF /* main.m */; };
		09ABC08213A1D52D009C3FCF /* ParseStarterProjectAppDelegate.m in Sources */ = {isa = PBXBuildFile; fileRef = 09ABC08113A1D52D009C3FCF /* ParseStarterProjectAppDelegate.m */; };
		09ABC08513A1D52E009C3FCF /* MainWindow.xib in Resources */ = {isa = PBXBuildFile; fileRef = 09ABC08313A1D52D009C3FCF /* MainWindow.xib */; };
		09BEF34C13D51C3F001BBCDB /* Security.framework in Frameworks */ = {isa = PBXBuildFile; fileRef = 09BEF34B13D51C3F001BBCDB /* Security.framework */; };
		2FCDD6B014A573F500295AAC /* QuartzCore.framework in Frameworks */ = {isa = PBXBuildFile; fileRef = 2FCDD6AF14A573F500295AAC /* QuartzCore.framework */; };
		454B659419A966A200C5C07C /* GSBizDetailsHeaderView.m in Sources */ = {isa = PBXBuildFile; fileRef = 454B659219A966A200C5C07C /* GSBizDetailsHeaderView.m */; };
		454B659519A966A200C5C07C /* GSBizDetailsHeaderView.xib in Resources */ = {isa = PBXBuildFile; fileRef = 454B659319A966A200C5C07C /* GSBizDetailsHeaderView.xib */; };
		454B659719A9789500C5C07C /* 4star_445x103.png in Resources */ = {isa = PBXBuildFile; fileRef = 454B659619A9789500C5C07C /* 4star_445x103.png */; };
		454B659B19A97C3700C5C07C /* GSBizDetailsTableViewController.m in Sources */ = {isa = PBXBuildFile; fileRef = 454B659919A97C3700C5C07C /* GSBizDetailsTableViewController.m */; };
		454B659C19A97C3700C5C07C /* GSBizDetailsTableViewController.xib in Resources */ = {isa = PBXBuildFile; fileRef = 454B659A19A97C3700C5C07C /* GSBizDetailsTableViewController.xib */; };
		454B65A019A97D1900C5C07C /* GSBizDetailsCell.m in Sources */ = {isa = PBXBuildFile; fileRef = 454B659E19A97D1900C5C07C /* GSBizDetailsCell.m */; };
		454B65A119A97D1900C5C07C /* GSBizDetailsCell.xib in Resources */ = {isa = PBXBuildFile; fileRef = 454B659F19A97D1900C5C07C /* GSBizDetailsCell.xib */; };
		454B65AE19AA5B3A00C5C07C /* soccer4.jpg in Resources */ = {isa = PBXBuildFile; fileRef = 454B65AA19AA5B3A00C5C07C /* soccer4.jpg */; };
		454B65AF19AA5B3A00C5C07C /* soccer3.jpg in Resources */ = {isa = PBXBuildFile; fileRef = 454B65AB19AA5B3A00C5C07C /* soccer3.jpg */; };
		454B65B019AA5B3A00C5C07C /* soccer2.jpg in Resources */ = {isa = PBXBuildFile; fileRef = 454B65AC19AA5B3A00C5C07C /* soccer2.jpg */; };
		454B65B119AA5B3A00C5C07C /* soccer1.jpg in Resources */ = {isa = PBXBuildFile; fileRef = 454B65AD19AA5B3A00C5C07C /* soccer1.jpg */; };
		454B65B419AA69B900C5C07C /* green-star.jpg in Resources */ = {isa = PBXBuildFile; fileRef = 454B65B219AA69B900C5C07C /* green-star.jpg */; };
		454B65B519AA69B900C5C07C /* star-empty.jpg in Resources */ = {isa = PBXBuildFile; fileRef = 454B65B319AA69B900C5C07C /* star-empty.jpg */; };
		4998650515BF305000803E05 /* StoreKit.framework in Frameworks */ = {isa = PBXBuildFile; fileRef = 4998650415BF305000803E05 /* StoreKit.framework */; };
		743D7B6D157DA60100084B67 /* CoreGraphics.framework in Frameworks */ = {isa = PBXBuildFile; fileRef = 743D7B6C157DA60100084B67 /* CoreGraphics.framework */; };
		8112B17F19741BE700CA11B8 /* ParseFacebookUtils.framework in Frameworks */ = {isa = PBXBuildFile; fileRef = 8112B17E19741BE700CA11B8 /* ParseFacebookUtils.framework */; };
		817AD67C196B009E0014C796 /* Bolts.framework in Frameworks */ = {isa = PBXBuildFile; fileRef = 817AD67B196B009E0014C796 /* Bolts.framework */; };
		BDED087119A9410C005ACCF6 /* GSCitiesTableViewController.m in Sources */ = {isa = PBXBuildFile; fileRef = BDED086F19A9410C005ACCF6 /* GSCitiesTableViewController.m */; };
		BDED087219A9410C005ACCF6 /* GSCitiesTableViewController.xib in Resources */ = {isa = PBXBuildFile; fileRef = BDED087019A9410C005ACCF6 /* GSCitiesTableViewController.xib */; };
		BDED087A19A9513F005ACCF6 /* GSMainNavigationController.m in Sources */ = {isa = PBXBuildFile; fileRef = BDED087919A9513F005ACCF6 /* GSMainNavigationController.m */; };
		BDED087E19A9661C005ACCF6 /* GSBizTableViewController.m in Sources */ = {isa = PBXBuildFile; fileRef = BDED087C19A9661C005ACCF6 /* GSBizTableViewController.m */; };
		BDED087F19A9661C005ACCF6 /* GSBizTableViewController.xib in Resources */ = {isa = PBXBuildFile; fileRef = BDED087D19A9661C005ACCF6 /* GSBizTableViewController.xib */; };
		BDED088319A966EB005ACCF6 /* GSBizTableViewCell.m in Sources */ = {isa = PBXBuildFile; fileRef = BDED088119A966EB005ACCF6 /* GSBizTableViewCell.m */; };
		BDED088419A966EB005ACCF6 /* GSBizTableViewCell.xib in Resources */ = {isa = PBXBuildFile; fileRef = BDED088219A966EB005ACCF6 /* GSBizTableViewCell.xib */; };
		BDED088D19A99766005ACCF6 /* GSHomeViewController.m in Sources */ = {isa = PBXBuildFile; fileRef = BDED088B19A99766005ACCF6 /* GSHomeViewController.m */; };
		BDED088E19A99766005ACCF6 /* GSHomeViewController.xib in Resources */ = {isa = PBXBuildFile; fileRef = BDED088C19A99766005ACCF6 /* GSHomeViewController.xib */; };
		BDED089119A99B6A005ACCF6 /* GSHomeViewCategoryTableViewCell.m in Sources */ = {isa = PBXBuildFile; fileRef = BDED089019A99B6A005ACCF6 /* GSHomeViewCategoryTableViewCell.m */; };
		BDED089719A9A550005ACCF6 /* GSParseHelper.m in Sources */ = {isa = PBXBuildFile; fileRef = BDED089619A9A550005ACCF6 /* GSParseHelper.m */; };
		BDED089919A9E0C6005ACCF6 /* bell-line@2x.png in Resources */ = {isa = PBXBuildFile; fileRef = BDED089819A9E0C6005ACCF6 /* bell-line@2x.png */; };
		BDED089C19A9EBD0005ACCF6 /* home-line@2x.png in Resources */ = {isa = PBXBuildFile; fileRef = BDED089A19A9EBD0005ACCF6 /* home-line@2x.png */; };
		BDED089D19A9EBD0005ACCF6 /* profile-line@2x.png in Resources */ = {isa = PBXBuildFile; fileRef = BDED089B19A9EBD0005ACCF6 /* profile-line@2x.png */; };
		C4C51B571613CE0800959FDC /* Default.png in Resources */ = {isa = PBXBuildFile; fileRef = C4C51B541613CE0800959FDC /* Default.png */; };
		C4C51B581613CE0800959FDC /* Default-568h@2x.png in Resources */ = {isa = PBXBuildFile; fileRef = C4C51B551613CE0800959FDC /* Default-568h@2x.png */; };
		C4C51B591613CE0800959FDC /* Default@2x.png in Resources */ = {isa = PBXBuildFile; fileRef = C4C51B561613CE0800959FDC /* Default@2x.png */; };
		DD952FCB16E7F5CF00470144 /* CoreLocation.framework in Frameworks */ = {isa = PBXBuildFile; fileRef = 97E18B1E1624CB5700B17A67 /* CoreLocation.framework */; };
/* End PBXBuildFile section */

/* Begin PBXFileReference section */
		09144A7213C2997E00388B00 /* Entitlements.plist */ = {isa = PBXFileReference; fileEncoding = 4; lastKnownFileType = text.plist.xml; path = Entitlements.plist; sourceTree = "<group>"; };
		092354B213A1D7EB00DA740F /* CFNetwork.framework */ = {isa = PBXFileReference; lastKnownFileType = wrapper.framework; name = CFNetwork.framework; path = System/Library/Frameworks/CFNetwork.framework; sourceTree = SDKROOT; };
		092354B413A1D7F000DA740F /* SystemConfiguration.framework */ = {isa = PBXFileReference; lastKnownFileType = wrapper.framework; name = SystemConfiguration.framework; path = System/Library/Frameworks/SystemConfiguration.framework; sourceTree = SDKROOT; };
		092354B613A1D83C00DA740F /* MobileCoreServices.framework */ = {isa = PBXFileReference; lastKnownFileType = wrapper.framework; name = MobileCoreServices.framework; path = System/Library/Frameworks/MobileCoreServices.framework; sourceTree = SDKROOT; };
		094AC9FF14367ACD008398F8 /* Parse.framework */ = {isa = PBXFileReference; lastKnownFileType = wrapper.framework; path = Parse.framework; sourceTree = "<group>"; };
		095ACE8513C68EA300566243 /* AudioToolbox.framework */ = {isa = PBXFileReference; lastKnownFileType = wrapper.framework; name = AudioToolbox.framework; path = System/Library/Frameworks/AudioToolbox.framework; sourceTree = SDKROOT; };
		099CCEAC13F9E3760039A464 /* libz.1.1.3.dylib */ = {isa = PBXFileReference; lastKnownFileType = "compiled.mach-o.dylib"; name = libz.1.1.3.dylib; path = usr/lib/libz.1.1.3.dylib; sourceTree = SDKROOT; };
		09ABC06D13A1D52D009C3FCF /* GreenSprout.app */ = {isa = PBXFileReference; explicitFileType = wrapper.application; includeInIndex = 0; path = GreenSprout.app; sourceTree = BUILT_PRODUCTS_DIR; };
		09ABC07113A1D52D009C3FCF /* UIKit.framework */ = {isa = PBXFileReference; lastKnownFileType = wrapper.framework; name = UIKit.framework; path = System/Library/Frameworks/UIKit.framework; sourceTree = SDKROOT; };
		09ABC07313A1D52D009C3FCF /* Foundation.framework */ = {isa = PBXFileReference; lastKnownFileType = wrapper.framework; name = Foundation.framework; path = System/Library/Frameworks/Foundation.framework; sourceTree = SDKROOT; };
		09ABC07913A1D52D009C3FCF /* GreenSprout-Info.plist */ = {isa = PBXFileReference; lastKnownFileType = text.plist.xml; path = "GreenSprout-Info.plist"; sourceTree = "<group>"; };
		09ABC07B13A1D52D009C3FCF /* en */ = {isa = PBXFileReference; lastKnownFileType = text.plist.strings; name = en; path = en.lproj/InfoPlist.strings; sourceTree = "<group>"; };
		09ABC07D13A1D52D009C3FCF /* GreenSprout-Prefix.pch */ = {isa = PBXFileReference; lastKnownFileType = sourcecode.c.h; path = "GreenSprout-Prefix.pch"; sourceTree = "<group>"; };
		09ABC07E13A1D52D009C3FCF /* main.m */ = {isa = PBXFileReference; lastKnownFileType = sourcecode.c.objc; path = main.m; sourceTree = "<group>"; };
		09ABC08013A1D52D009C3FCF /* ParseStarterProjectAppDelegate.h */ = {isa = PBXFileReference; lastKnownFileType = sourcecode.c.h; path = ParseStarterProjectAppDelegate.h; sourceTree = "<group>"; };
		09ABC08113A1D52D009C3FCF /* ParseStarterProjectAppDelegate.m */ = {isa = PBXFileReference; lastKnownFileType = sourcecode.c.objc; path = ParseStarterProjectAppDelegate.m; sourceTree = "<group>"; };
		09ABC08413A1D52E009C3FCF /* en */ = {isa = PBXFileReference; lastKnownFileType = file.xib; name = en; path = en.lproj/MainWindow.xib; sourceTree = "<group>"; };
		09BEF34B13D51C3F001BBCDB /* Security.framework */ = {isa = PBXFileReference; lastKnownFileType = wrapper.framework; name = Security.framework; path = System/Library/Frameworks/Security.framework; sourceTree = SDKROOT; };
		2FCDD6AF14A573F500295AAC /* QuartzCore.framework */ = {isa = PBXFileReference; lastKnownFileType = wrapper.framework; name = QuartzCore.framework; path = System/Library/Frameworks/QuartzCore.framework; sourceTree = SDKROOT; };
		454B659119A966A200C5C07C /* GSBizDetailsHeaderView.h */ = {isa = PBXFileReference; fileEncoding = 4; lastKnownFileType = sourcecode.c.h; path = GSBizDetailsHeaderView.h; sourceTree = "<group>"; };
		454B659219A966A200C5C07C /* GSBizDetailsHeaderView.m */ = {isa = PBXFileReference; fileEncoding = 4; lastKnownFileType = sourcecode.c.objc; path = GSBizDetailsHeaderView.m; sourceTree = "<group>"; };
		454B659319A966A200C5C07C /* GSBizDetailsHeaderView.xib */ = {isa = PBXFileReference; fileEncoding = 4; lastKnownFileType = file.xib; path = GSBizDetailsHeaderView.xib; sourceTree = "<group>"; };
		454B659619A9789500C5C07C /* 4star_445x103.png */ = {isa = PBXFileReference; lastKnownFileType = image.png; name = 4star_445x103.png; path = image/4star_445x103.png; sourceTree = "<group>"; };
		454B659819A97C3700C5C07C /* GSBizDetailsTableViewController.h */ = {isa = PBXFileReference; fileEncoding = 4; lastKnownFileType = sourcecode.c.h; path = GSBizDetailsTableViewController.h; sourceTree = "<group>"; };
		454B659919A97C3700C5C07C /* GSBizDetailsTableViewController.m */ = {isa = PBXFileReference; fileEncoding = 4; lastKnownFileType = sourcecode.c.objc; path = GSBizDetailsTableViewController.m; sourceTree = "<group>"; };
		454B659A19A97C3700C5C07C /* GSBizDetailsTableViewController.xib */ = {isa = PBXFileReference; fileEncoding = 4; lastKnownFileType = file.xib; path = GSBizDetailsTableViewController.xib; sourceTree = "<group>"; };
		454B659D19A97D1900C5C07C /* GSBizDetailsCell.h */ = {isa = PBXFileReference; fileEncoding = 4; lastKnownFileType = sourcecode.c.h; path = GSBizDetailsCell.h; sourceTree = "<group>"; };
		454B659E19A97D1900C5C07C /* GSBizDetailsCell.m */ = {isa = PBXFileReference; fileEncoding = 4; lastKnownFileType = sourcecode.c.objc; path = GSBizDetailsCell.m; sourceTree = "<group>"; };
		454B659F19A97D1900C5C07C /* GSBizDetailsCell.xib */ = {isa = PBXFileReference; fileEncoding = 4; lastKnownFileType = file.xib; path = GSBizDetailsCell.xib; sourceTree = "<group>"; };
		454B65AA19AA5B3A00C5C07C /* soccer4.jpg */ = {isa = PBXFileReference; lastKnownFileType = image.jpeg; path = soccer4.jpg; sourceTree = "<group>"; };
		454B65AB19AA5B3A00C5C07C /* soccer3.jpg */ = {isa = PBXFileReference; lastKnownFileType = image.jpeg; path = soccer3.jpg; sourceTree = "<group>"; };
		454B65AC19AA5B3A00C5C07C /* soccer2.jpg */ = {isa = PBXFileReference; lastKnownFileType = image.jpeg; path = soccer2.jpg; sourceTree = "<group>"; };
		454B65AD19AA5B3A00C5C07C /* soccer1.jpg */ = {isa = PBXFileReference; lastKnownFileType = image.jpeg; path = soccer1.jpg; sourceTree = "<group>"; };
		454B65B219AA69B900C5C07C /* green-star.jpg */ = {isa = PBXFileReference; lastKnownFileType = image.jpeg; name = "green-star.jpg"; path = "../green-star.jpg"; sourceTree = "<group>"; };
		454B65B319AA69B900C5C07C /* star-empty.jpg */ = {isa = PBXFileReference; lastKnownFileType = image.jpeg; name = "star-empty.jpg"; path = "../star-empty.jpg"; sourceTree = "<group>"; };
		4998650415BF305000803E05 /* StoreKit.framework */ = {isa = PBXFileReference; lastKnownFileType = wrapper.framework; name = StoreKit.framework; path = System/Library/Frameworks/StoreKit.framework; sourceTree = SDKROOT; };
		6332375315E438E900AE2736 /* libsqlite3.dylib */ = {isa = PBXFileReference; lastKnownFileType = "compiled.mach-o.dylib"; name = libsqlite3.dylib; path = usr/lib/libsqlite3.dylib; sourceTree = SDKROOT; };
		6372FF521613CC3C002132AF /* Accounts.framework */ = {isa = PBXFileReference; lastKnownFileType = wrapper.framework; name = Accounts.framework; path = System/Library/Frameworks/Accounts.framework; sourceTree = SDKROOT; };
		6372FF551613CC42002132AF /* Social.framework */ = {isa = PBXFileReference; lastKnownFileType = wrapper.framework; name = Social.framework; path = System/Library/Frameworks/Social.framework; sourceTree = SDKROOT; };
		6372FF571613CC47002132AF /* AdSupport.framework */ = {isa = PBXFileReference; lastKnownFileType = wrapper.framework; name = AdSupport.framework; path = System/Library/Frameworks/AdSupport.framework; sourceTree = SDKROOT; };
		743D7B6C157DA60100084B67 /* CoreGraphics.framework */ = {isa = PBXFileReference; lastKnownFileType = wrapper.framework; name = CoreGraphics.framework; path = System/Library/Frameworks/CoreGraphics.framework; sourceTree = SDKROOT; };
		8112B17E19741BE700CA11B8 /* ParseFacebookUtils.framework */ = {isa = PBXFileReference; lastKnownFileType = wrapper.framework; path = ParseFacebookUtils.framework; sourceTree = "<group>"; };
		817AD67B196B009E0014C796 /* Bolts.framework */ = {isa = PBXFileReference; lastKnownFileType = wrapper.framework; path = Bolts.framework; sourceTree = "<group>"; };
		97E18B1E1624CB5700B17A67 /* CoreLocation.framework */ = {isa = PBXFileReference; lastKnownFileType = wrapper.framework; name = CoreLocation.framework; path = System/Library/Frameworks/CoreLocation.framework; sourceTree = SDKROOT; };
		BDED086E19A9410C005ACCF6 /* GSCitiesTableViewController.h */ = {isa = PBXFileReference; fileEncoding = 4; lastKnownFileType = sourcecode.c.h; path = GSCitiesTableViewController.h; sourceTree = "<group>"; };
		BDED086F19A9410C005ACCF6 /* GSCitiesTableViewController.m */ = {isa = PBXFileReference; fileEncoding = 4; lastKnownFileType = sourcecode.c.objc; path = GSCitiesTableViewController.m; sourceTree = "<group>"; };
		BDED087019A9410C005ACCF6 /* GSCitiesTableViewController.xib */ = {isa = PBXFileReference; fileEncoding = 4; lastKnownFileType = file.xib; path = GSCitiesTableViewController.xib; sourceTree = "<group>"; };
		BDED087819A9513F005ACCF6 /* GSMainNavigationController.h */ = {isa = PBXFileReference; fileEncoding = 4; lastKnownFileType = sourcecode.c.h; path = GSMainNavigationController.h; sourceTree = "<group>"; };
		BDED087919A9513F005ACCF6 /* GSMainNavigationController.m */ = {isa = PBXFileReference; fileEncoding = 4; lastKnownFileType = sourcecode.c.objc; path = GSMainNavigationController.m; sourceTree = "<group>"; };
		BDED087B19A9661C005ACCF6 /* GSBizTableViewController.h */ = {isa = PBXFileReference; fileEncoding = 4; lastKnownFileType = sourcecode.c.h; path = GSBizTableViewController.h; sourceTree = "<group>"; };
		BDED087C19A9661C005ACCF6 /* GSBizTableViewController.m */ = {isa = PBXFileReference; fileEncoding = 4; lastKnownFileType = sourcecode.c.objc; path = GSBizTableViewController.m; sourceTree = "<group>"; };
		BDED087D19A9661C005ACCF6 /* GSBizTableViewController.xib */ = {isa = PBXFileReference; fileEncoding = 4; lastKnownFileType = file.xib; path = GSBizTableViewController.xib; sourceTree = "<group>"; };
		BDED088019A966EB005ACCF6 /* GSBizTableViewCell.h */ = {isa = PBXFileReference; fileEncoding = 4; lastKnownFileType = sourcecode.c.h; path = GSBizTableViewCell.h; sourceTree = "<group>"; };
		BDED088119A966EB005ACCF6 /* GSBizTableViewCell.m */ = {isa = PBXFileReference; fileEncoding = 4; lastKnownFileType = sourcecode.c.objc; path = GSBizTableViewCell.m; sourceTree = "<group>"; };
		BDED088219A966EB005ACCF6 /* GSBizTableViewCell.xib */ = {isa = PBXFileReference; fileEncoding = 4; lastKnownFileType = file.xib; path = GSBizTableViewCell.xib; sourceTree = "<group>"; };
		BDED088A19A99766005ACCF6 /* GSHomeViewController.h */ = {isa = PBXFileReference; fileEncoding = 4; lastKnownFileType = sourcecode.c.h; path = GSHomeViewController.h; sourceTree = "<group>"; };
		BDED088B19A99766005ACCF6 /* GSHomeViewController.m */ = {isa = PBXFileReference; fileEncoding = 4; lastKnownFileType = sourcecode.c.objc; path = GSHomeViewController.m; sourceTree = "<group>"; };
		BDED088C19A99766005ACCF6 /* GSHomeViewController.xib */ = {isa = PBXFileReference; fileEncoding = 4; lastKnownFileType = file.xib; path = GSHomeViewController.xib; sourceTree = "<group>"; };
		BDED088F19A99B6A005ACCF6 /* GSHomeViewCategoryTableViewCell.h */ = {isa = PBXFileReference; fileEncoding = 4; lastKnownFileType = sourcecode.c.h; path = GSHomeViewCategoryTableViewCell.h; sourceTree = "<group>"; };
		BDED089019A99B6A005ACCF6 /* GSHomeViewCategoryTableViewCell.m */ = {isa = PBXFileReference; fileEncoding = 4; lastKnownFileType = sourcecode.c.objc; path = GSHomeViewCategoryTableViewCell.m; sourceTree = "<group>"; };
		BDED089519A9A550005ACCF6 /* GSParseHelper.h */ = {isa = PBXFileReference; fileEncoding = 4; lastKnownFileType = sourcecode.c.h; path = GSParseHelper.h; sourceTree = "<group>"; };
		BDED089619A9A550005ACCF6 /* GSParseHelper.m */ = {isa = PBXFileReference; fileEncoding = 4; lastKnownFileType = sourcecode.c.objc; path = GSParseHelper.m; sourceTree = "<group>"; };
		BDED089819A9E0C6005ACCF6 /* bell-line@2x.png */ = {isa = PBXFileReference; lastKnownFileType = image.png; path = "bell-line@2x.png"; sourceTree = "<group>"; };
		BDED089A19A9EBD0005ACCF6 /* home-line@2x.png */ = {isa = PBXFileReference; lastKnownFileType = image.png; path = "home-line@2x.png"; sourceTree = "<group>"; };
		BDED089B19A9EBD0005ACCF6 /* profile-line@2x.png */ = {isa = PBXFileReference; lastKnownFileType = image.png; path = "profile-line@2x.png"; sourceTree = "<group>"; };
		C4C51B541613CE0800959FDC /* Default.png */ = {isa = PBXFileReference; lastKnownFileType = image.png; path = Default.png; sourceTree = "<group>"; };
		C4C51B551613CE0800959FDC /* Default-568h@2x.png */ = {isa = PBXFileReference; lastKnownFileType = image.png; path = "Default-568h@2x.png"; sourceTree = "<group>"; };
		C4C51B561613CE0800959FDC /* Default@2x.png */ = {isa = PBXFileReference; lastKnownFileType = image.png; path = "Default@2x.png"; sourceTree = "<group>"; };
/* End PBXFileReference section */

/* Begin PBXFrameworksBuildPhase section */
		09ABC06A13A1D52D009C3FCF /* Frameworks */ = {
			isa = PBXFrameworksBuildPhase;
			buildActionMask = 2147483647;
			files = (
				DD952FCB16E7F5CF00470144 /* CoreLocation.framework in Frameworks */,
				4998650515BF305000803E05 /* StoreKit.framework in Frameworks */,
				743D7B6D157DA60100084B67 /* CoreGraphics.framework in Frameworks */,
				2FCDD6B014A573F500295AAC /* QuartzCore.framework in Frameworks */,
				099CCEAD13F9E3760039A464 /* libz.1.1.3.dylib in Frameworks */,
				09BEF34C13D51C3F001BBCDB /* Security.framework in Frameworks */,
				095ACE8613C68EA300566243 /* AudioToolbox.framework in Frameworks */,
				092354B713A1D83C00DA740F /* MobileCoreServices.framework in Frameworks */,
				092354B513A1D7F000DA740F /* SystemConfiguration.framework in Frameworks */,
				092354B313A1D7EB00DA740F /* CFNetwork.framework in Frameworks */,
				09ABC07213A1D52D009C3FCF /* UIKit.framework in Frameworks */,
				09ABC07413A1D52D009C3FCF /* Foundation.framework in Frameworks */,
				094ACA0014367ACD008398F8 /* Parse.framework in Frameworks */,
				8112B17F19741BE700CA11B8 /* ParseFacebookUtils.framework in Frameworks */,
				817AD67C196B009E0014C796 /* Bolts.framework in Frameworks */,
			);
			runOnlyForDeploymentPostprocessing = 0;
		};
/* End PBXFrameworksBuildPhase section */

/* Begin PBXGroup section */
		09ABC06213A1D52D009C3FCF = {
			isa = PBXGroup;
			children = (
				09ABC07713A1D52D009C3FCF /* ParseStarterProject */,
				09ABC07013A1D52D009C3FCF /* Frameworks */,
				09ABC06E13A1D52D009C3FCF /* Products */,
			);
			sourceTree = "<group>";
		};
		09ABC06E13A1D52D009C3FCF /* Products */ = {
			isa = PBXGroup;
			children = (
				09ABC06D13A1D52D009C3FCF /* GreenSprout.app */,
			);
			name = Products;
			sourceTree = "<group>";
		};
		09ABC07013A1D52D009C3FCF /* Frameworks */ = {
			isa = PBXGroup;
			children = (
				6372FF571613CC47002132AF /* AdSupport.framework */,
				6372FF551613CC42002132AF /* Social.framework */,
				6372FF521613CC3C002132AF /* Accounts.framework */,
				095ACE8513C68EA300566243 /* AudioToolbox.framework */,
				092354B213A1D7EB00DA740F /* CFNetwork.framework */,
				743D7B6C157DA60100084B67 /* CoreGraphics.framework */,
				97E18B1E1624CB5700B17A67 /* CoreLocation.framework */,
				09ABC07313A1D52D009C3FCF /* Foundation.framework */,
				6332375315E438E900AE2736 /* libsqlite3.dylib */,
				099CCEAC13F9E3760039A464 /* libz.1.1.3.dylib */,
				092354B613A1D83C00DA740F /* MobileCoreServices.framework */,
				817AD67B196B009E0014C796 /* Bolts.framework */,
				094AC9FF14367ACD008398F8 /* Parse.framework */,
				8112B17E19741BE700CA11B8 /* ParseFacebookUtils.framework */,
				2FCDD6AF14A573F500295AAC /* QuartzCore.framework */,
				09BEF34B13D51C3F001BBCDB /* Security.framework */,
				4998650415BF305000803E05 /* StoreKit.framework */,
				092354B413A1D7F000DA740F /* SystemConfiguration.framework */,
				09ABC07113A1D52D009C3FCF /* UIKit.framework */,
			);
			name = Frameworks;
			sourceTree = "<group>";
		};
		09ABC07713A1D52D009C3FCF /* ParseStarterProject */ = {
			isa = PBXGroup;
			children = (
				454B659119A966A200C5C07C /* GSBizDetailsHeaderView.h */,
				454B659219A966A200C5C07C /* GSBizDetailsHeaderView.m */,
				454B659319A966A200C5C07C /* GSBizDetailsHeaderView.xib */,
				454B659819A97C3700C5C07C /* GSBizDetailsTableViewController.h */,
				454B659919A97C3700C5C07C /* GSBizDetailsTableViewController.m */,
				454B659A19A97C3700C5C07C /* GSBizDetailsTableViewController.xib */,
				454B659D19A97D1900C5C07C /* GSBizDetailsCell.h */,
				454B659E19A97D1900C5C07C /* GSBizDetailsCell.m */,
				454B659F19A97D1900C5C07C /* GSBizDetailsCell.xib */,
				09ABC08013A1D52D009C3FCF /* ParseStarterProjectAppDelegate.h */,
				09ABC08113A1D52D009C3FCF /* ParseStarterProjectAppDelegate.m */,
				09ABC08313A1D52D009C3FCF /* MainWindow.xib */,
				BDED087819A9513F005ACCF6 /* GSMainNavigationController.h */,
				BDED087919A9513F005ACCF6 /* GSMainNavigationController.m */,
				BDED086E19A9410C005ACCF6 /* GSCitiesTableViewController.h */,
				BDED086F19A9410C005ACCF6 /* GSCitiesTableViewController.m */,
				BDED087019A9410C005ACCF6 /* GSCitiesTableViewController.xib */,
				BDED088A19A99766005ACCF6 /* GSHomeViewController.h */,
				BDED088B19A99766005ACCF6 /* GSHomeViewController.m */,
				BDED088F19A99B6A005ACCF6 /* GSHomeViewCategoryTableViewCell.h */,
				BDED089019A99B6A005ACCF6 /* GSHomeViewCategoryTableViewCell.m */,
				BDED088C19A99766005ACCF6 /* GSHomeViewController.xib */,
				BDED087B19A9661C005ACCF6 /* GSBizTableViewController.h */,
				BDED087C19A9661C005ACCF6 /* GSBizTableViewController.m */,
				BDED087D19A9661C005ACCF6 /* GSBizTableViewController.xib */,
				BDED088019A966EB005ACCF6 /* GSBizTableViewCell.h */,
				BDED088119A966EB005ACCF6 /* GSBizTableViewCell.m */,
				BDED088219A966EB005ACCF6 /* GSBizTableViewCell.xib */,
				BDED089519A9A550005ACCF6 /* GSParseHelper.h */,
				BDED089619A9A550005ACCF6 /* GSParseHelper.m */,
				09ABC07813A1D52D009C3FCF /* Supporting Files */,
			);
			path = ParseStarterProject;
			sourceTree = "<group>";
		};
		09ABC07813A1D52D009C3FCF /* Supporting Files */ = {
			isa = PBXGroup;
			children = (
				454B65B219AA69B900C5C07C /* green-star.jpg */,
				454B65B319AA69B900C5C07C /* star-empty.jpg */,
				BDED089A19A9EBD0005ACCF6 /* home-line@2x.png */,
				BDED089B19A9EBD0005ACCF6 /* profile-line@2x.png */,
				BDED089819A9E0C6005ACCF6 /* bell-line@2x.png */,
				454B65AA19AA5B3A00C5C07C /* soccer4.jpg */,
				454B65AB19AA5B3A00C5C07C /* soccer3.jpg */,
				454B65AC19AA5B3A00C5C07C /* soccer2.jpg */,
				454B65AD19AA5B3A00C5C07C /* soccer1.jpg */,
				454B659619A9789500C5C07C /* 4star_445x103.png */,
				C4C51B541613CE0800959FDC /* Default.png */,
				C4C51B561613CE0800959FDC /* Default@2x.png */,
				C4C51B551613CE0800959FDC /* Default-568h@2x.png */,
				09ABC07913A1D52D009C3FCF /* GreenSprout-Info.plist */,
				09144A7213C2997E00388B00 /* Entitlements.plist */,
				09ABC07A13A1D52D009C3FCF /* InfoPlist.strings */,
				09ABC07D13A1D52D009C3FCF /* GreenSprout-Prefix.pch */,
				09ABC07E13A1D52D009C3FCF /* main.m */,
			);
			name = "Supporting Files";
			sourceTree = "<group>";
		};
/* End PBXGroup section */

/* Begin PBXNativeTarget section */
		09ABC06C13A1D52D009C3FCF /* GreenSprout */ = {
			isa = PBXNativeTarget;
			buildConfigurationList = 09ABC08E13A1D52E009C3FCF /* Build configuration list for PBXNativeTarget "GreenSprout" */;
			buildPhases = (
				09ABC06913A1D52D009C3FCF /* Sources */,
				09ABC06A13A1D52D009C3FCF /* Frameworks */,
				09ABC06B13A1D52D009C3FCF /* Resources */,
			);
			buildRules = (
			);
			dependencies = (
			);
			name = GreenSprout;
			productName = ParseStarterProject;
			productReference = 09ABC06D13A1D52D009C3FCF /* GreenSprout.app */;
			productType = "com.apple.product-type.application";
		};
/* End PBXNativeTarget section */

/* Begin PBXProject section */
		09ABC06413A1D52D009C3FCF /* Project object */ = {
			isa = PBXProject;
			attributes = {
				LastUpgradeCheck = 0510;
			};
			buildConfigurationList = 09ABC06713A1D52D009C3FCF /* Build configuration list for PBXProject "GreenSprout" */;
			compatibilityVersion = "Xcode 3.2";
			developmentRegion = English;
			hasScannedForEncodings = 0;
			knownRegions = (
				en,
			);
			mainGroup = 09ABC06213A1D52D009C3FCF;
			productRefGroup = 09ABC06E13A1D52D009C3FCF /* Products */;
			projectDirPath = "";
			projectRoot = "";
			targets = (
				09ABC06C13A1D52D009C3FCF /* GreenSprout */,
			);
		};
/* End PBXProject section */

/* Begin PBXResourcesBuildPhase section */
		09ABC06B13A1D52D009C3FCF /* Resources */ = {
			isa = PBXResourcesBuildPhase;
			buildActionMask = 2147483647;
			files = (
				454B659719A9789500C5C07C /* 4star_445x103.png in Resources */,
				454B65AE19AA5B3A00C5C07C /* soccer4.jpg in Resources */,
				09ABC07C13A1D52D009C3FCF /* InfoPlist.strings in Resources */,
				454B65B419AA69B900C5C07C /* green-star.jpg in Resources */,
				BDED088E19A99766005ACCF6 /* GSHomeViewController.xib in Resources */,
				BDED087F19A9661C005ACCF6 /* GSBizTableViewController.xib in Resources */,
				09ABC08513A1D52E009C3FCF /* MainWindow.xib in Resources */,
				BDED089D19A9EBD0005ACCF6 /* profile-line@2x.png in Resources */,
				BDED087219A9410C005ACCF6 /* GSCitiesTableViewController.xib in Resources */,
				09144A7313C2997E00388B00 /* Entitlements.plist in Resources */,
				454B65B019AA5B3A00C5C07C /* soccer2.jpg in Resources */,
				454B659519A966A200C5C07C /* GSBizDetailsHeaderView.xib in Resources */,
				C4C51B571613CE0800959FDC /* Default.png in Resources */,
				BDED088419A966EB005ACCF6 /* GSBizTableViewCell.xib in Resources */,
				C4C51B581613CE0800959FDC /* Default-568h@2x.png in Resources */,
				BDED089C19A9EBD0005ACCF6 /* home-line@2x.png in Resources */,
				454B65AF19AA5B3A00C5C07C /* soccer3.jpg in Resources */,
				454B659C19A97C3700C5C07C /* GSBizDetailsTableViewController.xib in Resources */,
				454B65A119A97D1900C5C07C /* GSBizDetailsCell.xib in Resources */,
				454B65B119AA5B3A00C5C07C /* soccer1.jpg in Resources */,
				C4C51B591613CE0800959FDC /* Default@2x.png in Resources */,
				454B65B519AA69B900C5C07C /* star-empty.jpg in Resources */,
				BDED089919A9E0C6005ACCF6 /* bell-line@2x.png in Resources */,
			);
			runOnlyForDeploymentPostprocessing = 0;
		};
/* End PBXResourcesBuildPhase section */

/* Begin PBXSourcesBuildPhase section */
		09ABC06913A1D52D009C3FCF /* Sources */ = {
			isa = PBXSourcesBuildPhase;
			buildActionMask = 2147483647;
			files = (
				BDED088319A966EB005ACCF6 /* GSBizTableViewCell.m in Sources */,
				BDED089119A99B6A005ACCF6 /* GSHomeViewCategoryTableViewCell.m in Sources */,
				BDED087A19A9513F005ACCF6 /* GSMainNavigationController.m in Sources */,
				BDED087E19A9661C005ACCF6 /* GSBizTableViewController.m in Sources */,
				BDED089719A9A550005ACCF6 /* GSParseHelper.m in Sources */,
				BDED088D19A99766005ACCF6 /* GSHomeViewController.m in Sources */,
				09ABC07F13A1D52D009C3FCF /* main.m in Sources */,
				454B65A019A97D1900C5C07C /* GSBizDetailsCell.m in Sources */,
				09ABC08213A1D52D009C3FCF /* ParseStarterProjectAppDelegate.m in Sources */,
				454B659419A966A200C5C07C /* GSBizDetailsHeaderView.m in Sources */,
				454B659B19A97C3700C5C07C /* GSBizDetailsTableViewController.m in Sources */,
				BDED087119A9410C005ACCF6 /* GSCitiesTableViewController.m in Sources */,
			);
			runOnlyForDeploymentPostprocessing = 0;
		};
/* End PBXSourcesBuildPhase section */

/* Begin PBXVariantGroup section */
		09ABC07A13A1D52D009C3FCF /* InfoPlist.strings */ = {
			isa = PBXVariantGroup;
			children = (
				09ABC07B13A1D52D009C3FCF /* en */,
			);
			name = InfoPlist.strings;
			sourceTree = "<group>";
		};
		09ABC08313A1D52D009C3FCF /* MainWindow.xib */ = {
			isa = PBXVariantGroup;
			children = (
				09ABC08413A1D52E009C3FCF /* en */,
			);
			name = MainWindow.xib;
			sourceTree = "<group>";
		};
/* End PBXVariantGroup section */

/* Begin XCBuildConfiguration section */
		09ABC08C13A1D52E009C3FCF /* Debug */ = {
			isa = XCBuildConfiguration;
			buildSettings = {
				CLANG_WARN_BOOL_CONVERSION = YES;
				CLANG_WARN_CONSTANT_CONVERSION = YES;
				CLANG_WARN_EMPTY_BODY = YES;
				CLANG_WARN_ENUM_CONVERSION = YES;
				CLANG_WARN_INT_CONVERSION = YES;
				CLANG_WARN__DUPLICATE_METHOD_MATCH = YES;
				CODE_SIGN_IDENTITY = "";
				"CODE_SIGN_IDENTITY[sdk=iphoneos*]" = "";
				GCC_C_LANGUAGE_STANDARD = gnu99;
				GCC_OPTIMIZATION_LEVEL = 0;
				GCC_PREPROCESSOR_DEFINITIONS = DEBUG;
				GCC_SYMBOLS_PRIVATE_EXTERN = NO;
				GCC_VERSION = com.apple.compilers.llvm.clang.1_0;
				GCC_WARN_64_TO_32_BIT_CONVERSION = YES;
				GCC_WARN_ABOUT_RETURN_TYPE = YES;
				GCC_WARN_UNDECLARED_SELECTOR = YES;
				GCC_WARN_UNINITIALIZED_AUTOS = YES;
				GCC_WARN_UNUSED_FUNCTION = YES;
				GCC_WARN_UNUSED_VARIABLE = YES;
				IPHONEOS_DEPLOYMENT_TARGET = 6.1;
				ONLY_ACTIVE_ARCH = YES;
				SDKROOT = iphoneos;
			};
			name = Debug;
		};
		09ABC08D13A1D52E009C3FCF /* Release */ = {
			isa = XCBuildConfiguration;
			buildSettings = {
				CLANG_WARN_BOOL_CONVERSION = YES;
				CLANG_WARN_CONSTANT_CONVERSION = YES;
				CLANG_WARN_EMPTY_BODY = YES;
				CLANG_WARN_ENUM_CONVERSION = YES;
				CLANG_WARN_INT_CONVERSION = YES;
				CLANG_WARN__DUPLICATE_METHOD_MATCH = YES;
				CODE_SIGN_IDENTITY = "";
				"CODE_SIGN_IDENTITY[sdk=iphoneos*]" = "";
				GCC_C_LANGUAGE_STANDARD = gnu99;
				GCC_VERSION = com.apple.compilers.llvm.clang.1_0;
				GCC_WARN_64_TO_32_BIT_CONVERSION = YES;
				GCC_WARN_ABOUT_RETURN_TYPE = YES;
				GCC_WARN_UNDECLARED_SELECTOR = YES;
				GCC_WARN_UNINITIALIZED_AUTOS = YES;
				GCC_WARN_UNUSED_FUNCTION = YES;
				GCC_WARN_UNUSED_VARIABLE = YES;
				IPHONEOS_DEPLOYMENT_TARGET = 6.1;
				OTHER_CFLAGS = "-DNS_BLOCK_ASSERTIONS=1";
				SDKROOT = iphoneos;
			};
			name = Release;
		};
		09ABC08F13A1D52E009C3FCF /* Debug */ = {
			isa = XCBuildConfiguration;
			buildSettings = {
				ALWAYS_SEARCH_USER_PATHS = NO;
				CLANG_ENABLE_OBJC_ARC = YES;
				COPY_PHASE_STRIP = NO;
				FRAMEWORK_SEARCH_PATHS = (
					"$(inherited)",
					"$(SRCROOT)",
					"$(PROJECT_DIR)",
				);
				GCC_DYNAMIC_NO_PIC = NO;
				GCC_PRECOMPILE_PREFIX_HEADER = YES;
				GCC_PREFIX_HEADER = "ParseStarterProject/GreenSprout-Prefix.pch";
				GCC_VERSION = com.apple.compilers.llvm.clang.1_0;
				INFOPLIST_FILE = "ParseStarterProject/GreenSprout-Info.plist";
				PRODUCT_NAME = GreenSprout;
				WRAPPER_EXTENSION = app;
			};
			name = Debug;
		};
		09ABC09013A1D52E009C3FCF /* Release */ = {
			isa = XCBuildConfiguration;
			buildSettings = {
				ALWAYS_SEARCH_USER_PATHS = NO;
				CLANG_ENABLE_OBJC_ARC = YES;
				COPY_PHASE_STRIP = YES;
				FRAMEWORK_SEARCH_PATHS = (
					"$(inherited)",
					"$(SRCROOT)",
					"$(PROJECT_DIR)",
				);
				GCC_PRECOMPILE_PREFIX_HEADER = YES;
				GCC_PREFIX_HEADER = "ParseStarterProject/GreenSprout-Prefix.pch";
				GCC_VERSION = com.apple.compilers.llvm.clang.1_0;
				INFOPLIST_FILE = "ParseStarterProject/GreenSprout-Info.plist";
				PRODUCT_NAME = GreenSprout;
				VALIDATE_PRODUCT = YES;
				WRAPPER_EXTENSION = app;
			};
			name = Release;
		};
/* End XCBuildConfiguration section */

/* Begin XCConfigurationList section */
		09ABC06713A1D52D009C3FCF /* Build configuration list for PBXProject "GreenSprout" */ = {
			isa = XCConfigurationList;
			buildConfigurations = (
				09ABC08C13A1D52E009C3FCF /* Debug */,
				09ABC08D13A1D52E009C3FCF /* Release */,
			);
			defaultConfigurationIsVisible = 0;
			defaultConfigurationName = Release;
		};
		09ABC08E13A1D52E009C3FCF /* Build configuration list for PBXNativeTarget "GreenSprout" */ = {
			isa = XCConfigurationList;
			buildConfigurations = (
				09ABC08F13A1D52E009C3FCF /* Debug */,
				09ABC09013A1D52E009C3FCF /* Release */,
			);
			defaultConfigurationIsVisible = 0;
			defaultConfigurationName = Release;
		};
/* End XCConfigurationList section */
	};
	rootObject = 09ABC06413A1D52D009C3FCF /* Project object */;
}
